
Microsoft Visual Studio Solution File, Format Version 12.00
# Visual Studio Version 17
VisualStudioVersion = 17.14.36401.2
MinimumVisualStudioVersion = 10.0.40219.1
Project("{FAE04EC0-301F-11D3-BF4B-00C04F79EFBC}") = "PrimeiroProjeto", "PrimeiroProjeto\PrimeiroProjeto.csproj", "{532F37BF-770D-4562-AADD-12E9725C0BD6}"
EndProject
Project("{FAE04EC0-301F-11D3-BF4B-00C04F79EFBC}") = "Exercicios", "Exercicios\Exercicios.csproj", "{AD3A7BD5-F48B-4510-9E33-1B25B5E19681}"
EndProject
Global
	GlobalSection(SolutionConfigurationPlatforms) = preSolution
		Debug|Any CPU = Debug|Any CPU
		Release|Any CPU = Release|Any CPU
	EndGlobalSection
	GlobalSection(ProjectConfigurationPlatforms) = postSolution
		{532F37BF-770D-4562-AADD-12E9725C0BD6}.Debug|Any CPU.ActiveCfg = Debug|Any CPU
		{532F37BF-770D-4562-AADD-12E9725C0BD6}.Debug|Any CPU.Build.0 = Debug|Any CPU
		{532F37BF-770D-4562-AADD-12E9725C0BD6}.Release|Any CPU.ActiveCfg = Release|Any CPU
		{532F37BF-770D-4562-AADD-12E9725C0BD6}.Release|Any CPU.Build.0 = Release|Any CPU
		{AD3A7BD5-F48B-4510-9E33-1B25B5E19681}.Debug|Any CPU.ActiveCfg = Debug|Any CPU
		{AD3A7BD5-F48B-4510-9E33-1B25B5E19681}.Debug|Any CPU.Build.0 = Debug|Any CPU
		{AD3A7BD5-F48B-4510-9E33-1B25B5E19681}.Release|Any CPU.ActiveCfg = Release|Any CPU
		{AD3A7BD5-F48B-4510-9E33-1B25B5E19681}.Release|Any CPU.Build.0 = Release|Any CPU
	EndGlobalSection
	GlobalSection(SolutionProperties) = preSolution
		HideSolutionNode = FALSE
	EndGlobalSection
	GlobalSection(ExtensibilityGlobals) = postSolution
		SolutionGuid = {B0FFBCF6-E8BD-4663-810A-DD0834015D22}
	EndGlobalSection
EndGlobal
